
Microsoft Visual Studio Solution File, Format Version 12.00
# Visual Studio 15
VisualStudioVersion = 15.0.27130.2010
MinimumVisualStudioVersion = 10.0.40219.1
Project("{888888A0-9F3D-457C-B088-3A5042F75D52}") = "SneakerBotTutorials", "SneakerBotTutorials.pyproj", "{585297A3-A5FA-42CF-8D3A-C8A02B1A2AA4}"
EndProject
Global
	GlobalSection(SolutionConfigurationPlatforms) = preSolution
		Debug|Any CPU = Debug|Any CPU
		Release|Any CPU = Release|Any CPU
	EndGlobalSection
	GlobalSection(ProjectConfigurationPlatforms) = postSolution
		{585297A3-A5FA-42CF-8D3A-C8A02B1A2AA4}.Debug|Any CPU.ActiveCfg = Debug|Any CPU
		{585297A3-A5FA-42CF-8D3A-C8A02B1A2AA4}.Release|Any CPU.ActiveCfg = Release|Any CPU
	EndGlobalSection
	GlobalSection(SolutionProperties) = preSolution
		HideSolutionNode = FALSE
	EndGlobalSection
	GlobalSection(ExtensibilityGlobals) = postSolution
		SolutionGuid = {ED22C9AD-0A3F-4EED-A8A5-234F66B5779F}
	EndGlobalSection
EndGlobal
